// !$*UTF8*$!
{
	archiveVersion = 1;
	classes = {
	};
	objectVersion = 50;
	objects = {

/* Begin PBXBuildFile section */
		A6599AEC222B515600677C4D /* AppDelegate.swift in Sources */ = {isa = PBXBuildFile; fileRef = A6599AEB222B515600677C4D /* AppDelegate.swift */; };
		A6599AEE222B515600677C4D /* ViewController.swift in Sources */ = {isa = PBXBuildFile; fileRef = A6599AED222B515600677C4D /* ViewController.swift */; };
		A6599AF1222B515600677C4D /* Main.storyboard in Resources */ = {isa = PBXBuildFile; fileRef = A6599AEF222B515600677C4D /* Main.storyboard */; };
		A6599AF4222B515600677C4D /* Rook.xcdatamodeld in Sources */ = {isa = PBXBuildFile; fileRef = A6599AF2222B515600677C4D /* Rook.xcdatamodeld */; };
		A6599AF6222B515800677C4D /* Assets.xcassets in Resources */ = {isa = PBXBuildFile; fileRef = A6599AF5222B515800677C4D /* Assets.xcassets */; };
		A6599AF9222B515800677C4D /* LaunchScreen.storyboard in Resources */ = {isa = PBXBuildFile; fileRef = A6599AF7222B515800677C4D /* LaunchScreen.storyboard */; };
		A6599B04222B515800677C4D /* RookTests.swift in Sources */ = {isa = PBXBuildFile; fileRef = A6599B03222B515800677C4D /* RookTests.swift */; };
		A6599B0F222B515800677C4D /* RookUITests.swift in Sources */ = {isa = PBXBuildFile; fileRef = A6599B0E222B515800677C4D /* RookUITests.swift */; };
/* End PBXBuildFile section */

/* Begin PBXContainerItemProxy section */
		A6599B00222B515800677C4D /* PBXContainerItemProxy */ = {
			isa = PBXContainerItemProxy;
			containerPortal = A6599AE0222B515600677C4D /* Project object */;
			proxyType = 1;
			remoteGlobalIDString = A6599AE7222B515600677C4D;
			remoteInfo = Rook;
		};
		A6599B0B222B515800677C4D /* PBXContainerItemProxy */ = {
			isa = PBXContainerItemProxy;
			containerPortal = A6599AE0222B515600677C4D /* Project object */;
			proxyType = 1;
			remoteGlobalIDString = A6599AE7222B515600677C4D;
			remoteInfo = Rook;
		};
/* End PBXContainerItemProxy section */

/* Begin PBXFileReference section */
		A6599AE8222B515600677C4D /* Rook.app */ = {isa = PBXFileReference; explicitFileType = wrapper.application; includeInIndex = 0; path = Rook.app; sourceTree = BUILT_PRODUCTS_DIR; };
		A6599AEB222B515600677C4D /* AppDelegate.swift */ = {isa = PBXFileReference; lastKnownFileType = sourcecode.swift; path = AppDelegate.swift; sourceTree = "<group>"; };
		A6599AED222B515600677C4D /* ViewController.swift */ = {isa = PBXFileReference; lastKnownFileType = sourcecode.swift; path = ViewController.swift; sourceTree = "<group>"; };
		A6599AF0222B515600677C4D /* Base */ = {isa = PBXFileReference; lastKnownFileType = file.storyboard; name = Base; path = Base.lproj/Main.storyboard; sourceTree = "<group>"; };
		A6599AF3222B515600677C4D /* Rook.xcdatamodel */ = {isa = PBXFileReference; lastKnownFileType = wrapper.xcdatamodel; path = Rook.xcdatamodel; sourceTree = "<group>"; };
		A6599AF5222B515800677C4D /* Assets.xcassets */ = {isa = PBXFileReference; lastKnownFileType = folder.assetcatalog; path = Assets.xcassets; sourceTree = "<group>"; };
		A6599AF8222B515800677C4D /* Base */ = {isa = PBXFileReference; lastKnownFileType = file.storyboard; name = Base; path = Base.lproj/LaunchScreen.storyboard; sourceTree = "<group>"; };
		A6599AFA222B515800677C4D /* Info.plist */ = {isa = PBXFileReference; lastKnownFileType = text.plist.xml; path = Info.plist; sourceTree = "<group>"; };
		A6599AFF222B515800677C4D /* RookTests.xctest */ = {isa = PBXFileReference; explicitFileType = wrapper.cfbundle; includeInIndex = 0; path = RookTests.xctest; sourceTree = BUILT_PRODUCTS_DIR; };
		A6599B03222B515800677C4D /* RookTests.swift */ = {isa = PBXFileReference; lastKnownFileType = sourcecode.swift; path = RookTests.swift; sourceTree = "<group>"; };
		A6599B05222B515800677C4D /* Info.plist */ = {isa = PBXFileReference; lastKnownFileType = text.plist.xml; path = Info.plist; sourceTree = "<group>"; };
		A6599B0A222B515800677C4D /* RookUITests.xctest */ = {isa = PBXFileReference; explicitFileType = wrapper.cfbundle; includeInIndex = 0; path = RookUITests.xctest; sourceTree = BUILT_PRODUCTS_DIR; };
		A6599B0E222B515800677C4D /* RookUITests.swift */ = {isa = PBXFileReference; lastKnownFileType = sourcecode.swift; path = RookUITests.swift; sourceTree = "<group>"; };
		A6599B10222B515800677C4D /* Info.plist */ = {isa = PBXFileReference; lastKnownFileType = text.plist.xml; path = Info.plist; sourceTree = "<group>"; };
/* End PBXFileReference section */

/* Begin PBXFrameworksBuildPhase section */
		A6599AE5222B515600677C4D /* Frameworks */ = {
			isa = PBXFrameworksBuildPhase;
			buildActionMask = 2147483647;
			files = (
			);
			runOnlyForDeploymentPostprocessing = 0;
		};
		A6599AFC222B515800677C4D /* Frameworks */ = {
			isa = PBXFrameworksBuildPhase;
			buildActionMask = 2147483647;
			files = (
			);
			runOnlyForDeploymentPostprocessing = 0;
		};
		A6599B07222B515800677C4D /* Frameworks */ = {
			isa = PBXFrameworksBuildPhase;
			buildActionMask = 2147483647;
			files = (
			);
			runOnlyForDeploymentPostprocessing = 0;
		};
/* End PBXFrameworksBuildPhase section */

/* Begin PBXGroup section */
		A6599ADF222B515600677C4D = {
			isa = PBXGroup;
			children = (
				A6599AEA222B515600677C4D /* Rook */,
				A6599B02222B515800677C4D /* RookTests */,
				A6599B0D222B515800677C4D /* RookUITests */,
				A6599AE9222B515600677C4D /* Products */,
			);
			sourceTree = "<group>";
		};
		A6599AE9222B515600677C4D /* Products */ = {
			isa = PBXGroup;
			children = (
				A6599AE8222B515600677C4D /* Rook.app */,
				A6599AFF222B515800677C4D /* RookTests.xctest */,
				A6599B0A222B515800677C4D /* RookUITests.xctest */,
			);
			name = Products;
			sourceTree = "<group>";
		};
		A6599AEA222B515600677C4D /* Rook */ = {
			isa = PBXGroup;
			children = (
				A6599AEB222B515600677C4D /* AppDelegate.swift */,
				A6599AED222B515600677C4D /* ViewController.swift */,
				A6599AEF222B515600677C4D /* Main.storyboard */,
				A6599AF5222B515800677C4D /* Assets.xcassets */,
				A6599AF7222B515800677C4D /* LaunchScreen.storyboard */,
				A6599AFA222B515800677C4D /* Info.plist */,
				A6599AF2222B515600677C4D /* Rook.xcdatamodeld */,
			);
			path = Rook;
			sourceTree = "<group>";
		};
		A6599B02222B515800677C4D /* RookTests */ = {
			isa = PBXGroup;
			children = (
				A6599B03222B515800677C4D /* RookTests.swift */,
				A6599B05222B515800677C4D /* Info.plist */,
			);
			path = RookTests;
			sourceTree = "<group>";
		};
		A6599B0D222B515800677C4D /* RookUITests */ = {
			isa = PBXGroup;
			children = (
				A6599B0E222B515800677C4D /* RookUITests.swift */,
				A6599B10222B515800677C4D /* Info.plist */,
			);
			path = RookUITests;
			sourceTree = "<group>";
		};
/* End PBXGroup section */

/* Begin PBXNativeTarget section */
		A6599AE7222B515600677C4D /* Rook */ = {
			isa = PBXNativeTarget;
			buildConfigurationList = A6599B13222B515800677C4D /* Build configuration list for PBXNativeTarget "Rook" */;
			buildPhases = (
				A6599AE4222B515600677C4D /* Sources */,
				A6599AE5222B515600677C4D /* Frameworks */,
				A6599AE6222B515600677C4D /* Resources */,
			);
			buildRules = (
			);
			dependencies = (
			);
			name = Rook;
			productName = Rook;
			productReference = A6599AE8222B515600677C4D /* Rook.app */;
			productType = "com.apple.product-type.application";
		};
		A6599AFE222B515800677C4D /* RookTests */ = {
			isa = PBXNativeTarget;
			buildConfigurationList = A6599B16222B515800677C4D /* Build configuration list for PBXNativeTarget "RookTests" */;
			buildPhases = (
				A6599AFB222B515800677C4D /* Sources */,
				A6599AFC222B515800677C4D /* Frameworks */,
				A6599AFD222B515800677C4D /* Resources */,
			);
			buildRules = (
			);
			dependencies = (
				A6599B01222B515800677C4D /* PBXTargetDependency */,
			);
			name = RookTests;
			productName = RookTests;
			productReference = A6599AFF222B515800677C4D /* RookTests.xctest */;
			productType = "com.apple.product-type.bundle.unit-test";
		};
		A6599B09222B515800677C4D /* RookUITests */ = {
			isa = PBXNativeTarget;
			buildConfigurationList = A6599B19222B515800677C4D /* Build configuration list for PBXNativeTarget "RookUITests" */;
			buildPhases = (
				A6599B06222B515800677C4D /* Sources */,
				A6599B07222B515800677C4D /* Frameworks */,
				A6599B08222B515800677C4D /* Resources */,
			);
			buildRules = (
			);
			dependencies = (
				A6599B0C222B515800677C4D /* PBXTargetDependency */,
			);
			name = RookUITests;
			productName = RookUITests;
			productReference = A6599B0A222B515800677C4D /* RookUITests.xctest */;
			productType = "com.apple.product-type.bundle.ui-testing";
		};
/* End PBXNativeTarget section */

/* Begin PBXProject section */
		A6599AE0222B515600677C4D /* Project object */ = {
			isa = PBXProject;
			attributes = {
				LastSwiftUpdateCheck = 0930;
				LastUpgradeCheck = 0930;
				ORGANIZATIONNAME = "Vink, Chad";
				TargetAttributes = {
					A6599AE7222B515600677C4D = {
						CreatedOnToolsVersion = 9.3;
					};
					A6599AFE222B515800677C4D = {
						CreatedOnToolsVersion = 9.3;
						TestTargetID = A6599AE7222B515600677C4D;
					};
					A6599B09222B515800677C4D = {
						CreatedOnToolsVersion = 9.3;
						TestTargetID = A6599AE7222B515600677C4D;
					};
				};
			};
			buildConfigurationList = A6599AE3222B515600677C4D /* Build configuration list for PBXProject "Rook" */;
			compatibilityVersion = "Xcode 9.3";
			developmentRegion = en;
			hasScannedForEncodings = 0;
			knownRegions = (
				en,
				Base,
			);
			mainGroup = A6599ADF222B515600677C4D;
			productRefGroup = A6599AE9222B515600677C4D /* Products */;
			projectDirPath = "";
			projectRoot = "";
			targets = (
				A6599AE7222B515600677C4D /* Rook */,
				A6599AFE222B515800677C4D /* RookTests */,
				A6599B09222B515800677C4D /* RookUITests */,
			);
		};
/* End PBXProject section */

/* Begin PBXResourcesBuildPhase section */
		A6599AE6222B515600677C4D /* Resources */ = {
			isa = PBXResourcesBuildPhase;
			buildActionMask = 2147483647;
			files = (
				A6599AF9222B515800677C4D /* LaunchScreen.storyboard in Resources */,
				A6599AF6222B515800677C4D /* Assets.xcassets in Resources */,
				A6599AF1222B515600677C4D /* Main.storyboard in Resources */,
			);
			runOnlyForDeploymentPostprocessing = 0;
		};
		A6599AFD222B515800677C4D /* Resources */ = {
			isa = PBXResourcesBuildPhase;
			buildActionMask = 2147483647;
			files = (
			);
			runOnlyForDeploymentPostprocessing = 0;
		};
		A6599B08222B515800677C4D /* Resources */ = {
			isa = PBXResourcesBuildPhase;
			buildActionMask = 2147483647;
			files = (
			);
			runOnlyForDeploymentPostprocessing = 0;
		};
/* End PBXResourcesBuildPhase section */

/* Begin PBXSourcesBuildPhase section */
		A6599AE4222B515600677C4D /* Sources */ = {
			isa = PBXSourcesBuildPhase;
			buildActionMask = 2147483647;
			files = (
				A6599AEE222B515600677C4D /* ViewController.swift in Sources */,
				A6599AEC222B515600677C4D /* AppDelegate.swift in Sources */,
				A6599AF4222B515600677C4D /* Rook.xcdatamodeld in Sources */,
			);
			runOnlyForDeploymentPostprocessing = 0;
		};
		A6599AFB222B515800677C4D /* Sources */ = {
			isa = PBXSourcesBuildPhase;
			buildActionMask = 2147483647;
			files = (
				A6599B04222B515800677C4D /* RookTests.swift in Sources */,
			);
			runOnlyForDeploymentPostprocessing = 0;
		};
		A6599B06222B515800677C4D /* Sources */ = {
			isa = PBXSourcesBuildPhase;
			buildActionMask = 2147483647;
			files = (
				A6599B0F222B515800677C4D /* RookUITests.swift in Sources */,
			);
			runOnlyForDeploymentPostprocessing = 0;
		};
/* End PBXSourcesBuildPhase section */

/* Begin PBXTargetDependency section */
		A6599B01222B515800677C4D /* PBXTargetDependency */ = {
			isa = PBXTargetDependency;
			target = A6599AE7222B515600677C4D /* Rook */;
			targetProxy = A6599B00222B515800677C4D /* PBXContainerItemProxy */;
		};
		A6599B0C222B515800677C4D /* PBXTargetDependency */ = {
			isa = PBXTargetDependency;
			target = A6599AE7222B515600677C4D /* Rook */;
			targetProxy = A6599B0B222B515800677C4D /* PBXContainerItemProxy */;
		};
/* End PBXTargetDependency section */

/* Begin PBXVariantGroup section */
		A6599AEF222B515600677C4D /* Main.storyboard */ = {
			isa = PBXVariantGroup;
			children = (
				A6599AF0222B515600677C4D /* Base */,
			);
			name = Main.storyboard;
			sourceTree = "<group>";
		};
		A6599AF7222B515800677C4D /* LaunchScreen.storyboard */ = {
			isa = PBXVariantGroup;
			children = (
				A6599AF8222B515800677C4D /* Base */,
			);
			name = LaunchScreen.storyboard;
			sourceTree = "<group>";
		};
/* End PBXVariantGroup section */

/* Begin XCBuildConfiguration section */
		A6599B11222B515800677C4D /* Debug */ = {
			isa = XCBuildConfiguration;
			buildSettings = {
				ALWAYS_SEARCH_USER_PATHS = NO;
				CLANG_ANALYZER_NONNULL = YES;
				CLANG_ANALYZER_NUMBER_OBJECT_CONVERSION = YES_AGGRESSIVE;
				CLANG_CXX_LANGUAGE_STANDARD = "gnu++14";
				CLANG_CXX_LIBRARY = "libc++";
				CLANG_ENABLE_MODULES = YES;
				CLANG_ENABLE_OBJC_ARC = YES;
				CLANG_ENABLE_OBJC_WEAK = YES;
				CLANG_WARN_BLOCK_CAPTURE_AUTORELEASING = YES;
				CLANG_WARN_BOOL_CONVERSION = YES;
				CLANG_WARN_COMMA = YES;
				CLANG_WARN_CONSTANT_CONVERSION = YES;
				CLANG_WARN_DEPRECATED_OBJC_IMPLEMENTATIONS = YES;
				CLANG_WARN_DIRECT_OBJC_ISA_USAGE = YES_ERROR;
				CLANG_WARN_DOCUMENTATION_COMMENTS = YES;
				CLANG_WARN_EMPTY_BODY = YES;
				CLANG_WARN_ENUM_CONVERSION = YES;
				CLANG_WARN_INFINITE_RECURSION = YES;
				CLANG_WARN_INT_CONVERSION = YES;
				CLANG_WARN_NON_LITERAL_NULL_CONVERSION = YES;
				CLANG_WARN_OBJC_IMPLICIT_RETAIN_SELF = YES;
				CLANG_WARN_OBJC_LITERAL_CONVERSION = YES;
				CLANG_WARN_OBJC_ROOT_CLASS = YES_ERROR;
				CLANG_WARN_RANGE_LOOP_ANALYSIS = YES;
				CLANG_WARN_STRICT_PROTOTYPES = YES;
				CLANG_WARN_SUSPICIOUS_MOVE = YES;
				CLANG_WARN_UNGUARDED_AVAILABILITY = YES_AGGRESSIVE;
				CLANG_WARN_UNREACHABLE_CODE = YES;
				CLANG_WARN__DUPLICATE_METHOD_MATCH = YES;
				CODE_SIGN_IDENTITY = "iPhone Developer";
				COPY_PHASE_STRIP = NO;
				DEBUG_INFORMATION_FORMAT = dwarf;
				ENABLE_STRICT_OBJC_MSGSEND = YES;
				ENABLE_TESTABILITY = YES;
				GCC_C_LANGUAGE_STANDARD = gnu11;
				GCC_DYNAMIC_NO_PIC = NO;
				GCC_NO_COMMON_BLOCKS = YES;
				GCC_OPTIMIZATION_LEVEL = 0;
				GCC_PREPROCESSOR_DEFINITIONS = (
					"DEBUG=1",
					"$(inherited)",
				);
				GCC_WARN_64_TO_32_BIT_CONVERSION = YES;
				GCC_WARN_ABOUT_RETURN_TYPE = YES_ERROR;
				GCC_WARN_UNDECLARED_SELECTOR = YES;
				GCC_WARN_UNINITIALIZED_AUTOS = YES_AGGRESSIVE;
				GCC_WARN_UNUSED_FUNCTION = YES;
				GCC_WARN_UNUSED_VARIABLE = YES;
				IPHONEOS_DEPLOYMENT_TARGET = 11.3;
				MTL_ENABLE_DEBUG_INFO = YES;
				ONLY_ACTIVE_ARCH = YES;
				SDKROOT = iphoneos;
				SWIFT_ACTIVE_COMPILATION_CONDITIONS = DEBUG;
				SWIFT_OPTIMIZATION_LEVEL = "-Onone";
			};
			name = Debug;
		};
		A6599B12222B515800677C4D /* Release */ = {
			isa = XCBuildConfiguration;
			buildSettings = {
				ALWAYS_SEARCH_USER_PATHS = NO;
				CLANG_ANALYZER_NONNULL = YES;
				CLANG_ANALYZER_NUMBER_OBJECT_CONVERSION = YES_AGGRESSIVE;
				CLANG_CXX_LANGUAGE_STANDARD = "gnu++14";
				CLANG_CXX_LIBRARY = "libc++";
				CLANG_ENABLE_MODULES = YES;
				CLANG_ENABLE_OBJC_ARC = YES;
				CLANG_ENABLE_OBJC_WEAK = YES;
				CLANG_WARN_BLOCK_CAPTURE_AUTORELEASING = YES;
				CLANG_WARN_BOOL_CONVERSION = YES;
				CLANG_WARN_COMMA = YES;
				CLANG_WARN_CONSTANT_CONVERSION = YES;
				CLANG_WARN_DEPRECATED_OBJC_IMPLEMENTATIONS = YES;
				CLANG_WARN_DIRECT_OBJC_ISA_USAGE = YES_ERROR;
				CLANG_WARN_DOCUMENTATION_COMMENTS = YES;
				CLANG_WARN_EMPTY_BODY = YES;
				CLANG_WARN_ENUM_CONVERSION = YES;
				CLANG_WARN_INFINITE_RECURSION = YES;
				CLANG_WARN_INT_CONVERSION = YES;
				CLANG_WARN_NON_LITERAL_NULL_CONVERSION = YES;
				CLANG_WARN_OBJC_IMPLICIT_RETAIN_SELF = YES;
				CLANG_WARN_OBJC_LITERAL_CONVERSION = YES;
				CLANG_WARN_OBJC_ROOT_CLASS = YES_ERROR;
				CLANG_WARN_RANGE_LOOP_ANALYSIS = YES;
				CLANG_WARN_STRICT_PROTOTYPES = YES;
				CLANG_WARN_SUSPICIOUS_MOVE = YES;
				CLANG_WARN_UNGUARDED_AVAILABILITY = YES_AGGRESSIVE;
				CLANG_WARN_UNREACHABLE_CODE = YES;
				CLANG_WARN__DUPLICATE_METHOD_MATCH = YES;
				CODE_SIGN_IDENTITY = "iPhone Developer";
				COPY_PHASE_STRIP = NO;
				DEBUG_INFORMATION_FORMAT = "dwarf-with-dsym";
				ENABLE_NS_ASSERTIONS = NO;
				ENABLE_STRICT_OBJC_MSGSEND = YES;
				GCC_C_LANGUAGE_STANDARD = gnu11;
				GCC_NO_COMMON_BLOCKS = YES;
				GCC_WARN_64_TO_32_BIT_CONVERSION = YES;
				GCC_WARN_ABOUT_RETURN_TYPE = YES_ERROR;
				GCC_WARN_UNDECLARED_SELECTOR = YES;
				GCC_WARN_UNINITIALIZED_AUTOS = YES_AGGRESSIVE;
				GCC_WARN_UNUSED_FUNCTION = YES;
				GCC_WARN_UNUSED_VARIABLE = YES;
				IPHONEOS_DEPLOYMENT_TARGET = 11.3;
				MTL_ENABLE_DEBUG_INFO = NO;
				SDKROOT = iphoneos;
				SWIFT_COMPILATION_MODE = wholemodule;
				SWIFT_OPTIMIZATION_LEVEL = "-O";
				VALIDATE_PRODUCT = YES;
			};
			name = Release;
		};
		A6599B14222B515800677C4D /* Debug */ = {
			isa = XCBuildConfiguration;
			buildSettings = {
				ASSETCATALOG_COMPILER_APPICON_NAME = AppIcon;
				CODE_SIGN_STYLE = Automatic;
				INFOPLIST_FILE = Rook/Info.plist;
				LD_RUNPATH_SEARCH_PATHS = (
					"$(inherited)",
					"@executable_path/Frameworks",
				);
				PRODUCT_BUNDLE_IDENTIFIER = VinkInc.Rook;
				PRODUCT_NAME = "$(TARGET_NAME)";
				SWIFT_VERSION = 4.0;
				TARGETED_DEVICE_FAMILY = "1,2";
			};
			name = Debug;
		};
		A6599B15222B515800677C4D /* Release */ = {
			isa = XCBuildConfiguration;
			buildSettings = {
				ASSETCATALOG_COMPILER_APPICON_NAME = AppIcon;
				CODE_SIGN_STYLE = Automatic;
				INFOPLIST_FILE = Rook/Info.plist;
				LD_RUNPATH_SEARCH_PATHS = (
					"$(inherited)",
					"@executable_path/Frameworks",
				);
				PRODUCT_BUNDLE_IDENTIFIER = VinkInc.Rook;
				PRODUCT_NAME = "$(TARGET_NAME)";
				SWIFT_VERSION = 4.0;
				TARGETED_DEVICE_FAMILY = "1,2";
			};
			name = Release;
		};
		A6599B17222B515800677C4D /* Debug */ = {
			isa = XCBuildConfiguration;
			buildSettings = {
				ALWAYS_EMBED_SWIFT_STANDARD_LIBRARIES = YES;
				BUNDLE_LOADER = "$(TEST_HOST)";
				CODE_SIGN_STYLE = Automatic;
				INFOPLIST_FILE = RookTests/Info.plist;
				LD_RUNPATH_SEARCH_PATHS = (
					"$(inherited)",
					"@executable_path/Frameworks",
					"@loader_path/Frameworks",
				);
				PRODUCT_BUNDLE_IDENTIFIER = VinkInc.RookTests;
				PRODUCT_NAME = "$(TARGET_NAME)";
				SWIFT_VERSION = 4.0;
				TARGETED_DEVICE_FAMILY = "1,2";
				TEST_HOST = "$(BUILT_PRODUCTS_DIR)/Rook.app/Rook";
			};
			name = Debug;
		};
		A6599B18222B515800677C4D /* Release */ = {
			isa = XCBuildConfiguration;
			buildSettings = {
				ALWAYS_EMBED_SWIFT_STANDARD_LIBRARIES = YES;
				BUNDLE_LOADER = "$(TEST_HOST)";
				CODE_SIGN_STYLE = Automatic;
				INFOPLIST_FILE = RookTests/Info.plist;
				LD_RUNPATH_SEARCH_PATHS = (
					"$(inherited)",
					"@executable_path/Frameworks",
					"@loader_path/Frameworks",
				);
				PRODUCT_BUNDLE_IDENTIFIER = VinkInc.RookTests;
				PRODUCT_NAME = "$(TARGET_NAME)";
				SWIFT_VERSION = 4.0;
				TARGETED_DEVICE_FAMILY = "1,2";
				TEST_HOST = "$(BUILT_PRODUCTS_DIR)/Rook.app/Rook";
			};
			name = Release;
		};
		A6599B1A222B515800677C4D /* Debug */ = {
			isa = XCBuildConfiguration;
			buildSettings = {
				ALWAYS_EMBED_SWIFT_STANDARD_LIBRARIES = YES;
				CODE_SIGN_STYLE = Automatic;
				INFOPLIST_FILE = RookUITests/Info.plist;
				LD_RUNPATH_SEARCH_PATHS = (
					"$(inherited)",
					"@executable_path/Frameworks",
					"@loader_path/Frameworks",
				);
				PRODUCT_BUNDLE_IDENTIFIER = VinkInc.RookUITests;
				PRODUCT_NAME = "$(TARGET_NAME)";
				SWIFT_VERSION = 4.0;
				TARGETED_DEVICE_FAMILY = "1,2";
				TEST_TARGET_NAME = Rook;
			};
			name = Debug;
		};
		A6599B1B222B515800677C4D /* Release */ = {
			isa = XCBuildConfiguration;
			buildSettings = {
				ALWAYS_EMBED_SWIFT_STANDARD_LIBRARIES = YES;
				CODE_SIGN_STYLE = Automatic;
				INFOPLIST_FILE = RookUITests/Info.plist;
				LD_RUNPATH_SEARCH_PATHS = (
					"$(inherited)",
					"@executable_path/Frameworks",
					"@loader_path/Frameworks",
				);
				PRODUCT_BUNDLE_IDENTIFIER = VinkInc.RookUITests;
				PRODUCT_NAME = "$(TARGET_NAME)";
				SWIFT_VERSION = 4.0;
				TARGETED_DEVICE_FAMILY = "1,2";
				TEST_TARGET_NAME = Rook;
			};
			name = Release;
		};
/* End XCBuildConfiguration section */

/* Begin XCConfigurationList section */
		A6599AE3222B515600677C4D /* Build configuration list for PBXProject "Rook" */ = {
			isa = XCConfigurationList;
			buildConfigurations = (
				A6599B11222B515800677C4D /* Debug */,
				A6599B12222B515800677C4D /* Release */,
			);
			defaultConfigurationIsVisible = 0;
			defaultConfigurationName = Release;
		};
		A6599B13222B515800677C4D /* Build configuration list for PBXNativeTarget "Rook" */ = {
			isa = XCConfigurationList;
			buildConfigurations = (
				A6599B14222B515800677C4D /* Debug */,
				A6599B15222B515800677C4D /* Release */,
			);
			defaultConfigurationIsVisible = 0;
			defaultConfigurationName = Release;
		};
		A6599B16222B515800677C4D /* Build configuration list for PBXNativeTarget "RookTests" */ = {
			isa = XCConfigurationList;
			buildConfigurations = (
				A6599B17222B515800677C4D /* Debug */,
				A6599B18222B515800677C4D /* Release */,
			);
			defaultConfigurationIsVisible = 0;
			defaultConfigurationName = Release;
		};
		A6599B19222B515800677C4D /* Build configuration list for PBXNativeTarget "RookUITests" */ = {
			isa = XCConfigurationList;
			buildConfigurations = (
				A6599B1A222B515800677C4D /* Debug */,
				A6599B1B222B515800677C4D /* Release */,
			);
			defaultConfigurationIsVisible = 0;
			defaultConfigurationName = Release;
		};
/* End XCConfigurationList section */

/* Begin XCVersionGroup section */
		A6599AF2222B515600677C4D /* Rook.xcdatamodeld */ = {
			isa = XCVersionGroup;
			children = (
				A6599AF3222B515600677C4D /* Rook.xcdatamodel */,
			);
			currentVersion = A6599AF3222B515600677C4D /* Rook.xcdatamodel */;
			path = Rook.xcdatamodeld;
			sourceTree = "<group>";
			versionGroupType = wrapper.xcdatamodel;
		};
/* End XCVersionGroup section */
	};
	rootObject = A6599AE0222B515600677C4D /* Project object */;
}
